
Microsoft Visual Studio Solution File, Format Version 12.00
# Visual Studio Version 17
VisualStudioVersion = 17.7.34202.233
MinimumVisualStudioVersion = 10.0.40219.1
Project("{FAE04EC0-301F-11D3-BF4B-00C04F79EFBC}") = "Calcul", "Calcul.csproj", "{E900CDB1-55C4-48F9-B2E3-75721B95A74B}"
EndProject
Global
	GlobalSection(SolutionConfigurationPlatforms) = preSolution
		Debug|Any CPU = Debug|Any CPU
		Release|Any CPU = Release|Any CPU
	EndGlobalSection
	GlobalSection(ProjectConfigurationPlatforms) = postSolution
		{E900CDB1-55C4-48F9-B2E3-75721B95A74B}.Debug|Any CPU.ActiveCfg = Debug|Any CPU
		{E900CDB1-55C4-48F9-B2E3-75721B95A74B}.Debug|Any CPU.Build.0 = Debug|Any CPU
		{E900CDB1-55C4-48F9-B2E3-75721B95A74B}.Release|Any CPU.ActiveCfg = Release|Any CPU
		{E900CDB1-55C4-48F9-B2E3-75721B95A74B}.Release|Any CPU.Build.0 = Release|Any CPU
	EndGlobalSection
	GlobalSection(SolutionProperties) = preSolution
		HideSolutionNode = FALSE
	EndGlobalSection
	GlobalSection(ExtensibilityGlobals) = postSolution
		SolutionGuid = {85983800-91D4-4374-B69C-33B9A0C7BCAF}
	EndGlobalSection
EndGlobal
